{
  "name": "nestfinder",
  "lockfileVersion": 3,
  "requires": true,
  "packages": {
    "": {
      "name": "nestfinder",
      "dependencies": {
        "opencode-ai": "^1.18.13"
      }
    },
    "node_modules/opencode-ai": {
      "version": "1.18.13",
      "resolved": "https://registry.npmjs.org/opencode-ai/-/opencode-ai-1.18.13.tgz",
      "integrity": "sha512-HYmBizm5vyAqqYuKzhpleRdEKwh7TeFSeA4f/Edl0F8OSPnbLi3DaXNMtmtsL13e2/994M9JoIz11yrVNdoAfA==",
      "cpu": [
        "arm64",
        "x64"
      ],
      "hasInstallScript": true,
      "license": "MIT",
      "os": [
        "darwin",
        "linux",
        "win32"
      ],
      "bin": {
        "opencode": "bin/opencode.exe"
      },
      "optionalDependencies": {
        "opencode-darwin-arm64": "1.18.13",
        "opencode-darwin-x64": "1.18.13",
        "opencode-darwin-x64-baseline": "1.18.13",
        "opencode-linux-arm64": "1.18.13",
        "opencode-linux-arm64-musl": "1.18.13",
        "opencode-linux-x64": "1.18.13",
        "opencode-linux-x64-baseline": "1.18.13",
        "opencode-linux-x64-baseline-musl": "1.18.13",
        "opencode-linux-x64-musl": "1.18.13",
        "opencode-windows-arm64": "1.18.13",
        "opencode-windows-x64": "1.18.13",
        "opencode-windows-x64-baseline": "1.18.13"
      }
    },
    "node_modules/opencode-darwin-arm64": {
      "version": "1.18.13",
      "resolved": "https://registry.npmjs.org/opencode-darwin-arm64/-/opencode-darwin-arm64-1.18.13.tgz",
      "integrity": "sha512-HFUaRYnGYT6ESuiaP2sY52gqxMbeB25hLYLBpoQE47V5ytc3yGrTp8BocdW6ci9rTnb3f36XUDZEdg3GWdc/Nw==",
      "cpu": [
        "arm64"
      ],
      "optional": true,
      "os": [
        "darwin"
      ]
    },
    "node_modules/opencode-darwin-x64": {
      "version": "1.18.13",
      "resolved": "https://registry.npmjs.org/opencode-darwin-x64/-/opencode-darwin-x64-1.18.13.tgz",
      "integrity": "sha512-v1n/X/f7u6+OB0n9sloYB7ilhZsfzc16AuiOrpoAi1hXi58u2wIAflySj0qvVo8hB9IY/y+UhZr2JLJ0vJb/pg==",
      "cpu": [
        "x64"
      ],
      "optional": true,
      "os": [
        "darwin"
      ]
    },
    "node_modules/opencode-darwin-x64-baseline": {
      "version": "1.18.13",
      "resolved": "https://registry.npmjs.org/opencode-darwin-x64-baseline/-/opencode-darwin-x64-baseline-1.18.13.tgz",
      "integrity": "sha512-NvVJ1MLvGx9VW3AqDBBpD4GbN4lN8dDJMcHBpYG03xUsQIG16E6r2063cQ05aLG1MnxsoN+wtSIrFZCpDoV8cQ==",
      "cpu": [
        "x64"
      ],
      "optional": true,
      "os": [
        "darwin"
      ]
    },
    "node_modules/opencode-linux-arm64": {
      "version": "1.18.13",
      "resolved": "https://registry.npmjs.org/opencode-linux-arm64/-/opencode-linux-arm64-1.18.13.tgz",
      "integrity": "sha512-kYIsbUtsr7HQB8+e59mXXy/LcY+vGm0LsO1kVT+PmkVDCxPlCK+v+5ZjeAJVnYphLJepsZgVBY0rlpEg+tNx/Q==",
      "cpu": [
        "arm64"
      ],
      "optional": true,
      "os": [
        "linux"
      ]
    },
    "node_modules/opencode-linux-arm64-musl": {
      "version": "1.18.13",
      "resolved": "https://registry.npmjs.org/opencode-linux-arm64-musl/-/opencode-linux-arm64-musl-1.18.13.tgz",
      "integrity": "sha512-3ml3SvgBMxr11YF93jC39UfT2ti/KkQ6z8xZCZtf8q9WNAYeynPorxQDII4tCS2djLfulLiUQMqKjiD7UiHzLQ==",
      "cpu": [
        "arm64"
      ],
      "optional": true,
      "os": [
        "linux"
      ]
    },
    "node_modules/opencode-linux-x64": {
      "version": "1.18.13",
      "resolved": "https://registry.npmjs.org/opencode-linux-x64/-/opencode-linux-x64-1.18.13.tgz",
      "integrity": "sha512-WVB/FwFdG4NLqEdraW264/q5WFiUDTwU4hDN/6qSLamsCV+SUurZhDOrmXC/5atNWZE1B6xEq5E8V60dAduKZg==",
      "cpu": [
        "x64"
      ],
      "optional": true,
      "os": [
        "linux"
      ]
    },
    "node_modules/opencode-linux-x64-baseline": {
      "version": "1.18.13",
      "resolved": "https://registry.npmjs.org/opencode-linux-x64-baseline/-/opencode-linux-x64-baseline-1.18.13.tgz",
      "integrity": "sha512-axGp+AxLAN7H7GWhgHylUA/Q2DPhwNHhTHYNc4k9zCoZpK+bneAAojwJ36Ixv5p8xXPwlg2Ge9FJBRcFKpU2QA==",
      "cpu": [
        "x64"
      ],
      "optional": true,
      "os": [
        "linux"
      ]
    },
    "node_modules/opencode-linux-x64-baseline-musl": {
      "version": "1.18.13",
      "resolved": "https://registry.npmjs.org/opencode-linux-x64-baseline-musl/-/opencode-linux-x64-baseline-musl-1.18.13.tgz",
      "integrity": "sha512-6wyRWz9v5xCMln+72xLQpc8U/szvQzLe8Ptf5Um8fnX+c9mLP2Wmoqlb2mTc0I5scMnnarjhspK5+Nqk1dDtbg==",
      "cpu": [
        "x64"
      ],
      "optional": true,
      "os": [
        "linux"
      ]
    },
    "node_modules/opencode-linux-x64-musl": {
      "version": "1.18.13",
      "resolved": "https://registry.npmjs.org/opencode-linux-x64-musl/-/opencode-linux-x64-musl-1.18.13.tgz",
      "integrity": "sha512-YEJHcZKxXWitLpAIXUyqesrp/BAl6YpyOR+ottIVo7tLquDrQvLcFiL9N78CySKY4IXr2FF8SINDxfdDid7FCg==",
      "cpu": [
        "x64"
      ],
      "optional": true,
      "os": [
        "linux"
      ]
    },
    "node_modules/opencode-windows-arm64": {
      "version": "1.18.13",
      "resolved": "https://registry.npmjs.org/opencode-windows-arm64/-/opencode-windows-arm64-1.18.13.tgz",
      "integrity": "sha512-TenLz3xTdoJUorqCvHj+c/QI9afRB5FhK5CMAZDYzcFy9qlmRuBO68GG2Eqtdy7rchd+IrOxBd0cRuYbSDSsoA==",
      "cpu": [
        "arm64"
      ],
      "optional": true,
      "os": [
        "win32"
      ]
    },
    "node_modules/opencode-windows-x64": {
      "version": "1.18.13",
      "resolved": "https://registry.npmjs.org/opencode-windows-x64/-/opencode-windows-x64-1.18.13.tgz",
      "integrity": "sha512-PSSZWa6LgRwW6icsuMK3979gIZ7Fw9slc9m5Xr6gW8yAVOy22CsX2qq+aTIHWEj/9RaQweEHZPShLmsgoaOuJw==",
      "cpu": [
        "x64"
      ],
      "optional": true,
      "os": [
        "win32"
      ]
    },
    "node_modules/opencode-windows-x64-baseline": {
      "version": "1.18.13",
      "resolved": "https://registry.npmjs.org/opencode-windows-x64-baseline/-/opencode-windows-x64-baseline-1.18.13.tgz",
      "integrity": "sha512-yYOqfFHQGsifHB5Tpme1R/BIKIjklZlF8lEKUjhOBVHr11F8r9zD+qwo6r5US81LCJH/oiBHdUpttzSkzX3m7w==",
      "cpu": [
        "x64"
      ],
      "optional": true,
      "os": [
        "win32"
      ]
    }
  }
}
